
Microsoft Visual Studio Solution File, Format Version 12.00
# Visual Studio Version 16
VisualStudioVersion = 16.0.31702.278
MinimumVisualStudioVersion = 10.0.40219.1
Project("{9A19103F-16F7-4668-BE54-9A1E7A4F7556}") = "ksqlDBDemo", "ksqlDBDemo.csproj", "{58A8C1CA-8924-4D42-8D98-7CE88D136595}"
EndProject
Project("{E53339B2-1760-4266-BCC7-CA923CBCF16C}") = "docker-compose", "docker-compose.dcproj", "{4F1130DA-C37E-425A-B92F-8254DCD95D3C}"
EndProject
Global
	GlobalSection(SolutionConfigurationPlatforms) = preSolution
		Debug|Any CPU = Debug|Any CPU
		Release|Any CPU = Release|Any CPU
	EndGlobalSection
	GlobalSection(ProjectConfigurationPlatforms) = postSolution
		{58A8C1CA-8924-4D42-8D98-7CE88D136595}.Debug|Any CPU.ActiveCfg = Debug|Any CPU
		{58A8C1CA-8924-4D42-8D98-7CE88D136595}.Debug|Any CPU.Build.0 = Debug|Any CPU
		{58A8C1CA-8924-4D42-8D98-7CE88D136595}.Release|Any CPU.ActiveCfg = Release|Any CPU
		{58A8C1CA-8924-4D42-8D98-7CE88D136595}.Release|Any CPU.Build.0 = Release|Any CPU
		{4F1130DA-C37E-425A-B92F-8254DCD95D3C}.Debug|Any CPU.ActiveCfg = Debug|Any CPU
		{4F1130DA-C37E-425A-B92F-8254DCD95D3C}.Debug|Any CPU.Build.0 = Debug|Any CPU
		{4F1130DA-C37E-425A-B92F-8254DCD95D3C}.Release|Any CPU.ActiveCfg = Release|Any CPU
		{4F1130DA-C37E-425A-B92F-8254DCD95D3C}.Release|Any CPU.Build.0 = Release|Any CPU
	EndGlobalSection
	GlobalSection(SolutionProperties) = preSolution
		HideSolutionNode = FALSE
	EndGlobalSection
	GlobalSection(ExtensibilityGlobals) = postSolution
		SolutionGuid = {6FD8AF8D-F484-424F-A620-183883079D54}
	EndGlobalSection
EndGlobal
